# This file was autogenerated by Stack.
# You should not edit this file by hand.
# For more information, please see the documentation at:
#   https://docs.haskellstack.org/en/stable/lock_files

packages: []
snapshots:
- completed:
    size: 533451
    url: https://raw.githubusercontent.com/commercialhaskell/stackage-snapshots/master/lts/9/0.yaml
    sha256: 27f29b231b39ea68e967a7a4346b2693a49d77c50f41fc0c276e11189a538da7
  original: lts-9.0
