# This file was autogenerated by Stack.
# You should not edit this file by hand.
# For more information, please see the documentation at:
#   https://docs.haskellstack.org/en/stable/lock_files

packages: []
snapshots:
- completed:
    size: 566883
    url: https://raw.githubusercontent.com/commercialhaskell/stackage-snapshots/master/lts/10/0.yaml
    sha256: d0ee122a83faa02a679829d43b3485b21827c3cc1cce0db8ac8957b78d45bee3
  original: lts-10.0
