# This file was autogenerated by Stack.
# You should not edit this file by hand.
# For more information, please see the documentation at:
#   https://docs.haskellstack.org/en/stable/lock_files

packages: []
snapshots:
- completed:
    size: 424557
    url: https://raw.githubusercontent.com/commercialhaskell/stackage-snapshots/master/lts/6/24.yaml
    sha256: 9d3250ce23b40d596f772bb6b6a94751ae39a7c4077050247eea5c4975bb942d
  original: lts-6.24
