# This file was autogenerated by Stack.
# You should not edit this file by hand.
# For more information, please see the documentation at:
#   https://docs.haskellstack.org/en/stable/lock_files

packages: []
snapshots:
- completed:
    size: 421254
    url: https://raw.githubusercontent.com/commercialhaskell/stackage-snapshots/master/lts/7/8.yaml
    sha256: 6c23440fac4e17615e869c98e7c4bd40ce4a4333a95da82d2176ab598d5db63f
  original: lts-7.8
